// !$*UTF8*$!
{
	archiveVersion = 1;
	classes = {
	};
	objectVersion = 50;
	objects = {

/* Begin PBXBuildFile section */
		32299B132224605200C6675A /* ARItems.swift in Sources */ = {isa = PBXBuildFile; fileRef = 32299B122224605200C6675A /* ARItems.swift */; };
		32299B1522249B0400C6675A /* ImageInfoPlaneNode.swift in Sources */ = {isa = PBXBuildFile; fileRef = 32299B1422249B0400C6675A /* ImageInfoPlaneNode.swift */; };
		3276BB37222588BB0053536F /* LoadingPageScene.sks in Resources */ = {isa = PBXBuildFile; fileRef = 3276BB36222588BB0053536F /* LoadingPageScene.sks */; };
		32F5BE502211A1BC00ADBCDA /* AppDelegate.swift in Sources */ = {isa = PBXBuildFile; fileRef = 32F5BE4F2211A1BC00ADBCDA /* AppDelegate.swift */; };
		32F5BE522211A1BC00ADBCDA /* art.scnassets in Resources */ = {isa = PBXBuildFile; fileRef = 32F5BE512211A1BC00ADBCDA /* art.scnassets */; };
		32F5BE542211A1BC00ADBCDA /* ViewController.swift in Sources */ = {isa = PBXBuildFile; fileRef = 32F5BE532211A1BC00ADBCDA /* ViewController.swift */; };
		32F5BE572211A1BC00ADBCDA /* Main.storyboard in Resources */ = {isa = PBXBuildFile; fileRef = 32F5BE552211A1BC00ADBCDA /* Main.storyboard */; };
		32F5BE592211A1C100ADBCDA /* Assets.xcassets in Resources */ = {isa = PBXBuildFile; fileRef = 32F5BE582211A1C100ADBCDA /* Assets.xcassets */; };
		32F5BE5C2211A1C100ADBCDA /* LaunchScreen.storyboard in Resources */ = {isa = PBXBuildFile; fileRef = 32F5BE5A2211A1C100ADBCDA /* LaunchScreen.storyboard */; };
		32F5BE642211AF2300ADBCDA /* ScannerViewController.swift in Sources */ = {isa = PBXBuildFile; fileRef = 32F5BE632211AF2300ADBCDA /* ScannerViewController.swift */; };
		32F5BE66221413E600ADBCDA /* IOManager.swift in Sources */ = {isa = PBXBuildFile; fileRef = 32F5BE65221413E600ADBCDA /* IOManager.swift */; };
		32F5BE6822141ACF00ADBCDA /* ARItemsModel.swift in Sources */ = {isa = PBXBuildFile; fileRef = 32F5BE6722141ACF00ADBCDA /* ARItemsModel.swift */; };
		32F5BE6A2214309500ADBCDA /* ObjectInfoPlaneNode.swift in Sources */ = {isa = PBXBuildFile; fileRef = 32F5BE692214309500ADBCDA /* ObjectInfoPlaneNode.swift */; };
/* End PBXBuildFile section */

/* Begin PBXFileReference section */
		32299B122224605200C6675A /* ARItems.swift */ = {isa = PBXFileReference; lastKnownFileType = sourcecode.swift; path = ARItems.swift; sourceTree = "<group>"; };
		32299B1422249B0400C6675A /* ImageInfoPlaneNode.swift */ = {isa = PBXFileReference; lastKnownFileType = sourcecode.swift; path = ImageInfoPlaneNode.swift; sourceTree = "<group>"; };
		3276BB36222588BB0053536F /* LoadingPageScene.sks */ = {isa = PBXFileReference; lastKnownFileType = file.sks; path = LoadingPageScene.sks; sourceTree = "<group>"; };
		32F5BE4C2211A1BC00ADBCDA /* QRObjectApp.app */ = {isa = PBXFileReference; explicitFileType = wrapper.application; includeInIndex = 0; path = QRObjectApp.app; sourceTree = BUILT_PRODUCTS_DIR; };
		32F5BE4F2211A1BC00ADBCDA /* AppDelegate.swift */ = {isa = PBXFileReference; lastKnownFileType = sourcecode.swift; path = AppDelegate.swift; sourceTree = "<group>"; };
		32F5BE512211A1BC00ADBCDA /* art.scnassets */ = {isa = PBXFileReference; lastKnownFileType = wrapper.scnassets; path = art.scnassets; sourceTree = "<group>"; };
		32F5BE532211A1BC00ADBCDA /* ViewController.swift */ = {isa = PBXFileReference; lastKnownFileType = sourcecode.swift; path = ViewController.swift; sourceTree = "<group>"; };
		32F5BE562211A1BC00ADBCDA /* Base */ = {isa = PBXFileReference; lastKnownFileType = file.storyboard; name = Base; path = Base.lproj/Main.storyboard; sourceTree = "<group>"; };
		32F5BE582211A1C100ADBCDA /* Assets.xcassets */ = {isa = PBXFileReference; lastKnownFileType = folder.assetcatalog; path = Assets.xcassets; sourceTree = "<group>"; };
		32F5BE5B2211A1C100ADBCDA /* Base */ = {isa = PBXFileReference; lastKnownFileType = file.storyboard; name = Base; path = Base.lproj/LaunchScreen.storyboard; sourceTree = "<group>"; };
		32F5BE5D2211A1C100ADBCDA /* Info.plist */ = {isa = PBXFileReference; lastKnownFileType = text.plist.xml; path = Info.plist; sourceTree = "<group>"; };
		32F5BE632211AF2300ADBCDA /* ScannerViewController.swift */ = {isa = PBXFileReference; lastKnownFileType = sourcecode.swift; path = ScannerViewController.swift; sourceTree = "<group>"; };
		32F5BE65221413E600ADBCDA /* IOManager.swift */ = {isa = PBXFileReference; lastKnownFileType = sourcecode.swift; path = IOManager.swift; sourceTree = "<group>"; };
		32F5BE6722141ACF00ADBCDA /* ARItemsModel.swift */ = {isa = PBXFileReference; lastKnownFileType = sourcecode.swift; path = ARItemsModel.swift; sourceTree = "<group>"; };
		32F5BE692214309500ADBCDA /* ObjectInfoPlaneNode.swift */ = {isa = PBXFileReference; lastKnownFileType = sourcecode.swift; path = ObjectInfoPlaneNode.swift; sourceTree = "<group>"; };
/* End PBXFileReference section */

/* Begin PBXFrameworksBuildPhase section */
		32F5BE492211A1BC00ADBCDA /* Frameworks */ = {
			isa = PBXFrameworksBuildPhase;
			buildActionMask = 2147483647;
			files = (
			);
			runOnlyForDeploymentPostprocessing = 0;
		};
/* End PBXFrameworksBuildPhase section */

/* Begin PBXGroup section */
		32F5BE432211A1BC00ADBCDA = {
			isa = PBXGroup;
			children = (
				32F5BE4E2211A1BC00ADBCDA /* QRObjectApp */,
				32F5BE4D2211A1BC00ADBCDA /* Products */,
			);
			sourceTree = "<group>";
		};
		32F5BE4D2211A1BC00ADBCDA /* Products */ = {
			isa = PBXGroup;
			children = (
				32F5BE4C2211A1BC00ADBCDA /* QRObjectApp.app */,
			);
			name = Products;
			sourceTree = "<group>";
		};
		32F5BE4E2211A1BC00ADBCDA /* QRObjectApp */ = {
			isa = PBXGroup;
			children = (
				32F5BE4F2211A1BC00ADBCDA /* AppDelegate.swift */,
				32F5BE512211A1BC00ADBCDA /* art.scnassets */,
				32F5BE532211A1BC00ADBCDA /* ViewController.swift */,
				32F5BE552211A1BC00ADBCDA /* Main.storyboard */,
				32F5BE582211A1C100ADBCDA /* Assets.xcassets */,
				32F5BE5A2211A1C100ADBCDA /* LaunchScreen.storyboard */,
				32F5BE5D2211A1C100ADBCDA /* Info.plist */,
				32F5BE632211AF2300ADBCDA /* ScannerViewController.swift */,
				32F5BE65221413E600ADBCDA /* IOManager.swift */,
				32F5BE6722141ACF00ADBCDA /* ARItemsModel.swift */,
				32F5BE692214309500ADBCDA /* ObjectInfoPlaneNode.swift */,
				32299B122224605200C6675A /* ARItems.swift */,
				32299B1422249B0400C6675A /* ImageInfoPlaneNode.swift */,
				3276BB36222588BB0053536F /* LoadingPageScene.sks */,
			);
			path = QRObjectApp;
			sourceTree = "<group>";
		};
/* End PBXGroup section */

/* Begin PBXNativeTarget section */
		32F5BE4B2211A1BC00ADBCDA /* QRObjectApp */ = {
			isa = PBXNativeTarget;
			buildConfigurationList = 32F5BE602211A1C100ADBCDA /* Build configuration list for PBXNativeTarget "QRObjectApp" */;
			buildPhases = (
				32F5BE482211A1BC00ADBCDA /* Sources */,
				32F5BE492211A1BC00ADBCDA /* Frameworks */,
				32F5BE4A2211A1BC00ADBCDA /* Resources */,
			);
			buildRules = (
			);
			dependencies = (
			);
			name = QRObjectApp;
			productName = QRObjectApp;
			productReference = 32F5BE4C2211A1BC00ADBCDA /* QRObjectApp.app */;
			productType = "com.apple.product-type.application";
		};
/* End PBXNativeTarget section */

/* Begin PBXProject section */
		32F5BE442211A1BC00ADBCDA /* Project object */ = {
			isa = PBXProject;
			attributes = {
				LastSwiftUpdateCheck = 1010;
				LastUpgradeCheck = 1010;
				ORGANIZATIONNAME = "Jonas Lundvall";
				TargetAttributes = {
					32F5BE4B2211A1BC00ADBCDA = {
						CreatedOnToolsVersion = 10.1;
					};
				};
			};
			buildConfigurationList = 32F5BE472211A1BC00ADBCDA /* Build configuration list for PBXProject "QRObjectApp" */;
			compatibilityVersion = "Xcode 9.3";
			developmentRegion = en;
			hasScannedForEncodings = 0;
			knownRegions = (
				en,
				Base,
			);
			mainGroup = 32F5BE432211A1BC00ADBCDA;
			productRefGroup = 32F5BE4D2211A1BC00ADBCDA /* Products */;
			projectDirPath = "";
			projectRoot = "";
			targets = (
				32F5BE4B2211A1BC00ADBCDA /* QRObjectApp */,
			);
		};
/* End PBXProject section */

/* Begin PBXResourcesBuildPhase section */
		32F5BE4A2211A1BC00ADBCDA /* Resources */ = {
			isa = PBXResourcesBuildPhase;
			buildActionMask = 2147483647;
			files = (
				32F5BE522211A1BC00ADBCDA /* art.scnassets in Resources */,
				3276BB37222588BB0053536F /* LoadingPageScene.sks in Resources */,
				32F5BE5C2211A1C100ADBCDA /* LaunchScreen.storyboard in Resources */,
				32F5BE592211A1C100ADBCDA /* Assets.xcassets in Resources */,
				32F5BE572211A1BC00ADBCDA /* Main.storyboard in Resources */,
			);
			runOnlyForDeploymentPostprocessing = 0;
		};
/* End PBXResourcesBuildPhase section */

/* Begin PBXSourcesBuildPhase section */
		32F5BE482211A1BC00ADBCDA /* Sources */ = {
			isa = PBXSourcesBuildPhase;
			buildActionMask = 2147483647;
			files = (
				32299B1522249B0400C6675A /* ImageInfoPlaneNode.swift in Sources */,
				32F5BE6A2214309500ADBCDA /* ObjectInfoPlaneNode.swift in Sources */,
				32F5BE542211A1BC00ADBCDA /* ViewController.swift in Sources */,
				32F5BE6822141ACF00ADBCDA /* ARItemsModel.swift in Sources */,
				32F5BE66221413E600ADBCDA /* IOManager.swift in Sources */,
				32F5BE642211AF2300ADBCDA /* ScannerViewController.swift in Sources */,
				32299B132224605200C6675A /* ARItems.swift in Sources */,
				32F5BE502211A1BC00ADBCDA /* AppDelegate.swift in Sources */,
			);
			runOnlyForDeploymentPostprocessing = 0;
		};
/* End PBXSourcesBuildPhase section */

/* Begin PBXVariantGroup section */
		32F5BE552211A1BC00ADBCDA /* Main.storyboard */ = {
			isa = PBXVariantGroup;
			children = (
				32F5BE562211A1BC00ADBCDA /* Base */,
			);
			name = Main.storyboard;
			sourceTree = "<group>";
		};
		32F5BE5A2211A1C100ADBCDA /* LaunchScreen.storyboard */ = {
			isa = PBXVariantGroup;
			children = (
				32F5BE5B2211A1C100ADBCDA /* Base */,
			);
			name = LaunchScreen.storyboard;
			sourceTree = "<group>";
		};
/* End PBXVariantGroup section */

/* Begin XCBuildConfiguration section */
		32F5BE5E2211A1C100ADBCDA /* Debug */ = {
			isa = XCBuildConfiguration;
			buildSettings = {
				ALWAYS_SEARCH_USER_PATHS = NO;
				CLANG_ANALYZER_NONNULL = YES;
				CLANG_ANALYZER_NUMBER_OBJECT_CONVERSION = YES_AGGRESSIVE;
				CLANG_CXX_LANGUAGE_STANDARD = "gnu++14";
				CLANG_CXX_LIBRARY = "libc++";
				CLANG_ENABLE_MODULES = YES;
				CLANG_ENABLE_OBJC_ARC = YES;
				CLANG_ENABLE_OBJC_WEAK = YES;
				CLANG_WARN_BLOCK_CAPTURE_AUTORELEASING = YES;
				CLANG_WARN_BOOL_CONVERSION = YES;
				CLANG_WARN_COMMA = YES;
				CLANG_WARN_CONSTANT_CONVERSION = YES;
				CLANG_WARN_DEPRECATED_OBJC_IMPLEMENTATIONS = YES;
				CLANG_WARN_DIRECT_OBJC_ISA_USAGE = YES_ERROR;
				CLANG_WARN_DOCUMENTATION_COMMENTS = YES;
				CLANG_WARN_EMPTY_BODY = YES;
				CLANG_WARN_ENUM_CONVERSION = YES;
				CLANG_WARN_INFINITE_RECURSION = YES;
				CLANG_WARN_INT_CONVERSION = YES;
				CLANG_WARN_NON_LITERAL_NULL_CONVERSION = YES;
				CLANG_WARN_OBJC_IMPLICIT_RETAIN_SELF = YES;
				CLANG_WARN_OBJC_LITERAL_CONVERSION = YES;
				CLANG_WARN_OBJC_ROOT_CLASS = YES_ERROR;
				CLANG_WARN_RANGE_LOOP_ANALYSIS = YES;
				CLANG_WARN_STRICT_PROTOTYPES = YES;
				CLANG_WARN_SUSPICIOUS_MOVE = YES;
				CLANG_WARN_UNGUARDED_AVAILABILITY = YES_AGGRESSIVE;
				CLANG_WARN_UNREACHABLE_CODE = YES;
				CLANG_WARN__DUPLICATE_METHOD_MATCH = YES;
				CODE_SIGN_IDENTITY = "iPhone Developer";
				COPY_PHASE_STRIP = NO;
				DEBUG_INFORMATION_FORMAT = dwarf;
				ENABLE_STRICT_OBJC_MSGSEND = YES;
				ENABLE_TESTABILITY = YES;
				GCC_C_LANGUAGE_STANDARD = gnu11;
				GCC_DYNAMIC_NO_PIC = NO;
				GCC_NO_COMMON_BLOCKS = YES;
				GCC_OPTIMIZATION_LEVEL = 0;
				GCC_PREPROCESSOR_DEFINITIONS = (
					"DEBUG=1",
					"$(inherited)",
				);
				GCC_WARN_64_TO_32_BIT_CONVERSION = YES;
				GCC_WARN_ABOUT_RETURN_TYPE = YES_ERROR;
				GCC_WARN_UNDECLARED_SELECTOR = YES;
				GCC_WARN_UNINITIALIZED_AUTOS = YES_AGGRESSIVE;
				GCC_WARN_UNUSED_FUNCTION = YES;
				GCC_WARN_UNUSED_VARIABLE = YES;
				IPHONEOS_DEPLOYMENT_TARGET = 12.1;
				MTL_ENABLE_DEBUG_INFO = INCLUDE_SOURCE;
				MTL_FAST_MATH = YES;
				ONLY_ACTIVE_ARCH = YES;
				SDKROOT = iphoneos;
				SWIFT_ACTIVE_COMPILATION_CONDITIONS = DEBUG;
				SWIFT_OPTIMIZATION_LEVEL = "-Onone";
			};
			name = Debug;
		};
		32F5BE5F2211A1C100ADBCDA /* Release */ = {
			isa = XCBuildConfiguration;
			buildSettings = {
				ALWAYS_SEARCH_USER_PATHS = NO;
				CLANG_ANALYZER_NONNULL = YES;
				CLANG_ANALYZER_NUMBER_OBJECT_CONVERSION = YES_AGGRESSIVE;
				CLANG_CXX_LANGUAGE_STANDARD = "gnu++14";
				CLANG_CXX_LIBRARY = "libc++";
				CLANG_ENABLE_MODULES = YES;
				CLANG_ENABLE_OBJC_ARC = YES;
				CLANG_ENABLE_OBJC_WEAK = YES;
				CLANG_WARN_BLOCK_CAPTURE_AUTORELEASING = YES;
				CLANG_WARN_BOOL_CONVERSION = YES;
				CLANG_WARN_COMMA = YES;
				CLANG_WARN_CONSTANT_CONVERSION = YES;
				CLANG_WARN_DEPRECATED_OBJC_IMPLEMENTATIONS = YES;
				CLANG_WARN_DIRECT_OBJC_ISA_USAGE = YES_ERROR;
				CLANG_WARN_DOCUMENTATION_COMMENTS = YES;
				CLANG_WARN_EMPTY_BODY = YES;
				CLANG_WARN_ENUM_CONVERSION = YES;
				CLANG_WARN_INFINITE_RECURSION = YES;
				CLANG_WARN_INT_CONVERSION = YES;
				CLANG_WARN_NON_LITERAL_NULL_CONVERSION = YES;
				CLANG_WARN_OBJC_IMPLICIT_RETAIN_SELF = YES;
				CLANG_WARN_OBJC_LITERAL_CONVERSION = YES;
				CLANG_WARN_OBJC_ROOT_CLASS = YES_ERROR;
				CLANG_WARN_RANGE_LOOP_ANALYSIS = YES;
				CLANG_WARN_STRICT_PROTOTYPES = YES;
				CLANG_WARN_SUSPICIOUS_MOVE = YES;
				CLANG_WARN_UNGUARDED_AVAILABILITY = YES_AGGRESSIVE;
				CLANG_WARN_UNREACHABLE_CODE = YES;
				CLANG_WARN__DUPLICATE_METHOD_MATCH = YES;
				CODE_SIGN_IDENTITY = "iPhone Developer";
				COPY_PHASE_STRIP = NO;
				DEBUG_INFORMATION_FORMAT = "dwarf-with-dsym";
				ENABLE_NS_ASSERTIONS = NO;
				ENABLE_STRICT_OBJC_MSGSEND = YES;
				GCC_C_LANGUAGE_STANDARD = gnu11;
				GCC_NO_COMMON_BLOCKS = YES;
				GCC_WARN_64_TO_32_BIT_CONVERSION = YES;
				GCC_WARN_ABOUT_RETURN_TYPE = YES_ERROR;
				GCC_WARN_UNDECLARED_SELECTOR = YES;
				GCC_WARN_UNINITIALIZED_AUTOS = YES_AGGRESSIVE;
				GCC_WARN_UNUSED_FUNCTION = YES;
				GCC_WARN_UNUSED_VARIABLE = YES;
				IPHONEOS_DEPLOYMENT_TARGET = 12.1;
				MTL_ENABLE_DEBUG_INFO = NO;
				MTL_FAST_MATH = YES;
				SDKROOT = iphoneos;
				SWIFT_COMPILATION_MODE = wholemodule;
				SWIFT_OPTIMIZATION_LEVEL = "-O";
				VALIDATE_PRODUCT = YES;
			};
			name = Release;
		};
		32F5BE612211A1C100ADBCDA /* Debug */ = {
			isa = XCBuildConfiguration;
			buildSettings = {
				ASSETCATALOG_COMPILER_APPICON_NAME = AppIcon;
				CODE_SIGN_STYLE = Automatic;
				DEVELOPMENT_TEAM = 6QG5RC4K69;
				INFOPLIST_FILE = QRObjectApp/Info.plist;
				LD_RUNPATH_SEARCH_PATHS = (
					"$(inherited)",
					"@executable_path/Frameworks",
				);
				PRODUCT_BUNDLE_IDENTIFIER = com.example.jonlun32.QRObjectApp;
				PRODUCT_NAME = "$(TARGET_NAME)";
				SWIFT_VERSION = 4.2;
				TARGETED_DEVICE_FAMILY = "1,2";
			};
			name = Debug;
		};
		32F5BE622211A1C100ADBCDA /* Release */ = {
			isa = XCBuildConfiguration;
			buildSettings = {
				ASSETCATALOG_COMPILER_APPICON_NAME = AppIcon;
				CODE_SIGN_STYLE = Automatic;
				DEVELOPMENT_TEAM = 6QG5RC4K69;
				INFOPLIST_FILE = QRObjectApp/Info.plist;
				LD_RUNPATH_SEARCH_PATHS = (
					"$(inherited)",
					"@executable_path/Frameworks",
				);
				PRODUCT_BUNDLE_IDENTIFIER = com.example.jonlun32.QRObjectApp;
				PRODUCT_NAME = "$(TARGET_NAME)";
				SWIFT_VERSION = 4.2;
				TARGETED_DEVICE_FAMILY = "1,2";
			};
			name = Release;
		};
/* End XCBuildConfiguration section */

/* Begin XCConfigurationList section */
		32F5BE472211A1BC00ADBCDA /* Build configuration list for PBXProject "QRObjectApp" */ = {
			isa = XCConfigurationList;
			buildConfigurations = (
				32F5BE5E2211A1C100ADBCDA /* Debug */,
				32F5BE5F2211A1C100ADBCDA /* Release */,
			);
			defaultConfigurationIsVisible = 0;
			defaultConfigurationName = Release;
		};
		32F5BE602211A1C100ADBCDA /* Build configuration list for PBXNativeTarget "QRObjectApp" */ = {
			isa = XCConfigurationList;
			buildConfigurations = (
				32F5BE612211A1C100ADBCDA /* Debug */,
				32F5BE622211A1C100ADBCDA /* Release */,
			);
			defaultConfigurationIsVisible = 0;
			defaultConfigurationName = Release;
		};
/* End XCConfigurationList section */
	};
	rootObject = 32F5BE442211A1BC00ADBCDA /* Project object */;
}
